
Microsoft Visual Studio Solution File, Format Version 12.00
# Visual Studio Version 17
VisualStudioVersion = 17.5.33516.290
MinimumVisualStudioVersion = 10.0.40219.1
Project("{9A19103F-16F7-4668-BE54-9A1E7A4F7556}") = "Crito", "Crito.csproj", "{B919BAB1-8CD4-4A3A-865E-9A03AC37480F}"
EndProject
Global
	GlobalSection(SolutionConfigurationPlatforms) = preSolution
		Debug|Any CPU = Debug|Any CPU
		Release|Any CPU = Release|Any CPU
	EndGlobalSection
	GlobalSection(ProjectConfigurationPlatforms) = postSolution
		{B919BAB1-8CD4-4A3A-865E-9A03AC37480F}.Debug|Any CPU.ActiveCfg = Debug|Any CPU
		{B919BAB1-8CD4-4A3A-865E-9A03AC37480F}.Debug|Any CPU.Build.0 = Debug|Any CPU
		{B919BAB1-8CD4-4A3A-865E-9A03AC37480F}.Release|Any CPU.ActiveCfg = Release|Any CPU
		{B919BAB1-8CD4-4A3A-865E-9A03AC37480F}.Release|Any CPU.Build.0 = Release|Any CPU
	EndGlobalSection
	GlobalSection(SolutionProperties) = preSolution
		HideSolutionNode = FALSE
	EndGlobalSection
	GlobalSection(ExtensibilityGlobals) = postSolution
		SolutionGuid = {F82358B8-7C66-4CFE-B285-7301DAD1600A}
	EndGlobalSection
EndGlobal
